Microsoft Visual Studio Solution File, Format Version 12.00
# Visual Studio Version 17
VisualStudioVersion = 17.5.2.0
MinimumVisualStudioVersion = 10.0.40219.1
Project("{FAE04EC0-301F-11D3-BF4B-00C04F79EFBC}") = "LibraryConsoleApp", "LibraryConsoleApp\LibraryConsoleApp.csproj", "{B884A306-CF4C-8246-FFDA-BAF6DA00AB24}"
EndProject
Global
	GlobalSection(SolutionConfigurationPlatforms) = preSolution
		Debug|Any CPU = Debug|Any CPU
		Release|Any CPU = Release|Any CPU
	EndGlobalSection
	GlobalSection(ProjectConfigurationPlatforms) = postSolution
		{B884A306-CF4C-8246-FFDA-BAF6DA00AB24}.Debug|Any CPU.ActiveCfg = Debug|Any CPU
		{B884A306-CF4C-8246-FFDA-BAF6DA00AB24}.Debug|Any CPU.Build.0 = Debug|Any CPU
		{B884A306-CF4C-8246-FFDA-BAF6DA00AB24}.Release|Any CPU.ActiveCfg = Release|Any CPU
		{B884A306-CF4C-8246-FFDA-BAF6DA00AB24}.Release|Any CPU.Build.0 = Release|Any CPU
	EndGlobalSection
	GlobalSection(SolutionProperties) = preSolution
		HideSolutionNode = FALSE
	EndGlobalSection
	GlobalSection(ExtensibilityGlobals) = postSolution
		SolutionGuid = {D9A46613-22E9-4482-8431-7757A28C71E3}
	EndGlobalSection
EndGlobal
